
Microsoft Visual Studio Solution File, Format Version 12.00
# Visual Studio 2013
VisualStudioVersion = 12.0.21005.1
MinimumVisualStudioVersion = 10.0.40219.1
Project("{FAE04EC0-301F-11D3-BF4B-00C04F79EFBC}") = "booking", "booking\booking.csproj", "{9FAAD5E8-FE83-40C3-AEA5-B29B410F68F0}"
EndProject
Global
	GlobalSection(SolutionConfigurationPlatforms) = preSolution
		Debug|Any CPU = Debug|Any CPU
		Release|Any CPU = Release|Any CPU
	EndGlobalSection
	GlobalSection(ProjectConfigurationPlatforms) = postSolution
		{9FAAD5E8-FE83-40C3-AEA5-B29B410F68F0}.Debug|Any CPU.ActiveCfg = Debug|Any CPU
		{9FAAD5E8-FE83-40C3-AEA5-B29B410F68F0}.Debug|Any CPU.Build.0 = Debug|Any CPU
		{9FAAD5E8-FE83-40C3-AEA5-B29B410F68F0}.Release|Any CPU.ActiveCfg = Release|Any CPU
		{9FAAD5E8-FE83-40C3-AEA5-B29B410F68F0}.Release|Any CPU.Build.0 = Release|Any CPU
	EndGlobalSection
	GlobalSection(SolutionProperties) = preSolution
		HideSolutionNode = FALSE
	EndGlobalSection
EndGlobal
